
Microsoft Visual Studio Solution File, Format Version 12.00
# Visual Studio Version 17
VisualStudioVersion = 17.3.32901.215
MinimumVisualStudioVersion = 10.0.40219.1
Project("{FAE04EC0-301F-11D3-BF4B-00C04F79EFBC}") = "web", "web\web.csproj", "{D21B8106-2CD4-46C8-A2B6-E5EB389E0956}"
EndProject
Global
	GlobalSection(SolutionConfigurationPlatforms) = preSolution
		Debug|Any CPU = Debug|Any CPU
		Release|Any CPU = Release|Any CPU
	EndGlobalSection
	GlobalSection(ProjectConfigurationPlatforms) = postSolution
		{D21B8106-2CD4-46C8-A2B6-E5EB389E0956}.Debug|Any CPU.ActiveCfg = Debug|Any CPU
		{D21B8106-2CD4-46C8-A2B6-E5EB389E0956}.Debug|Any CPU.Build.0 = Debug|Any CPU
		{D21B8106-2CD4-46C8-A2B6-E5EB389E0956}.Release|Any CPU.ActiveCfg = Release|Any CPU
		{D21B8106-2CD4-46C8-A2B6-E5EB389E0956}.Release|Any CPU.Build.0 = Release|Any CPU
	EndGlobalSection
	GlobalSection(SolutionProperties) = preSolution
		HideSolutionNode = FALSE
	EndGlobalSection
	GlobalSection(ExtensibilityGlobals) = postSolution
		SolutionGuid = {116DB1E2-EB9D-47E1-9314-2A80D6E15A4F}
	EndGlobalSection
EndGlobal
